
Microsoft Visual Studio Solution File, Format Version 12.00
# Visual Studio Version 17
VisualStudioVersion = 17.3.32825.248
MinimumVisualStudioVersion = 10.0.40219.1
Project("{9A19103F-16F7-4668-BE54-9A1E7A4F7556}") = "RecruitCatShigavkp", "RecruitCatShigavkp\RecruitCatShigavkp.csproj", "{3750875A-03DA-4C9C-A40A-4530131D87F4}"
EndProject
Global
	GlobalSection(SolutionConfigurationPlatforms) = preSolution
		Debug|Any CPU = Debug|Any CPU
		Release|Any CPU = Release|Any CPU
	EndGlobalSection
	GlobalSection(ProjectConfigurationPlatforms) = postSolution
		{3750875A-03DA-4C9C-A40A-4530131D87F4}.Debug|Any CPU.ActiveCfg = Debug|Any CPU
		{3750875A-03DA-4C9C-A40A-4530131D87F4}.Debug|Any CPU.Build.0 = Debug|Any CPU
		{3750875A-03DA-4C9C-A40A-4530131D87F4}.Release|Any CPU.ActiveCfg = Release|Any CPU
		{3750875A-03DA-4C9C-A40A-4530131D87F4}.Release|Any CPU.Build.0 = Release|Any CPU
	EndGlobalSection
	GlobalSection(SolutionProperties) = preSolution
		HideSolutionNode = FALSE
	EndGlobalSection
	GlobalSection(ExtensibilityGlobals) = postSolution
		SolutionGuid = {BCD7F12B-A340-4B63-B16C-045CBC73693F}
	EndGlobalSection
EndGlobal
